
Microsoft Visual Studio Solution File, Format Version 12.00
# Visual Studio Version 17
VisualStudioVersion = 17.3.32825.248
MinimumVisualStudioVersion = 10.0.40219.1
Project("{FAE04EC0-301F-11D3-BF4B-00C04F79EFBC}") = "CoreProject _02", "CoreProject _02\CoreProject _02.csproj", "{4FB4C440-EBEB-4461-8898-6A57BB6BB49C}"
EndProject
Project("{FAE04EC0-301F-11D3-BF4B-00C04F79EFBC}") = "AngularProject_01", "AngularProject_01\AngularProject_01.csproj", "{D0904CCB-EAA3-465F-ACC3-35952302ED14}"
EndProject
Global
	GlobalSection(SolutionConfigurationPlatforms) = preSolution
		Debug|Any CPU = Debug|Any CPU
		Release|Any CPU = Release|Any CPU
	EndGlobalSection
	GlobalSection(ProjectConfigurationPlatforms) = postSolution
		{4FB4C440-EBEB-4461-8898-6A57BB6BB49C}.Debug|Any CPU.ActiveCfg = Debug|Any CPU
		{4FB4C440-EBEB-4461-8898-6A57BB6BB49C}.Debug|Any CPU.Build.0 = Debug|Any CPU
		{4FB4C440-EBEB-4461-8898-6A57BB6BB49C}.Release|Any CPU.ActiveCfg = Release|Any CPU
		{4FB4C440-EBEB-4461-8898-6A57BB6BB49C}.Release|Any CPU.Build.0 = Release|Any CPU
		{D0904CCB-EAA3-465F-ACC3-35952302ED14}.Debug|Any CPU.ActiveCfg = Debug|Any CPU
		{D0904CCB-EAA3-465F-ACC3-35952302ED14}.Debug|Any CPU.Build.0 = Debug|Any CPU
		{D0904CCB-EAA3-465F-ACC3-35952302ED14}.Release|Any CPU.ActiveCfg = Release|Any CPU
		{D0904CCB-EAA3-465F-ACC3-35952302ED14}.Release|Any CPU.Build.0 = Release|Any CPU
	EndGlobalSection
	GlobalSection(SolutionProperties) = preSolution
		HideSolutionNode = FALSE
	EndGlobalSection
	GlobalSection(ExtensibilityGlobals) = postSolution
		SolutionGuid = {5BE893CD-416A-446B-9DBB-0BDA7E4C6C41}
	EndGlobalSection
EndGlobal
